// !$*UTF8*$!
{
	archiveVersion = 1;
	classes = {
	};
	objectVersion = 46;
	objects = {

/* Begin PBXBuildFile section */
		239D885B1EFCEDE100916C01 /* AppDelegate.swift in Sources */ = {isa = PBXBuildFile; fileRef = 239D885A1EFCEDE100916C01 /* AppDelegate.swift */; };
		239D885D1EFCEDE100916C01 /* ViewController.swift in Sources */ = {isa = PBXBuildFile; fileRef = 239D885C1EFCEDE100916C01 /* ViewController.swift */; };
		239D88601EFCEDE100916C01 /* Main.storyboard in Resources */ = {isa = PBXBuildFile; fileRef = 239D885E1EFCEDE100916C01 /* Main.storyboard */; };
		239D88621EFCEDE100916C01 /* Assets.xcassets in Resources */ = {isa = PBXBuildFile; fileRef = 239D88611EFCEDE100916C01 /* Assets.xcassets */; };
		239D88651EFCEDE100916C01 /* LaunchScreen.storyboard in Resources */ = {isa = PBXBuildFile; fileRef = 239D88631EFCEDE100916C01 /* LaunchScreen.storyboard */; };
		239D88701EFD0CA700916C01 /* CJLoadingDotView.swift in Sources */ = {isa = PBXBuildFile; fileRef = 239D886F1EFD0CA700916C01 /* CJLoadingDotView.swift */; };
/* End PBXBuildFile section */

/* Begin PBXFileReference section */
		239D88571EFCEDE100916C01 /* CJLoadingDotView.app */ = {isa = PBXFileReference; explicitFileType = wrapper.application; includeInIndex = 0; path = CJLoadingDotView.app; sourceTree = BUILT_PRODUCTS_DIR; };
		239D885A1EFCEDE100916C01 /* AppDelegate.swift */ = {isa = PBXFileReference; lastKnownFileType = sourcecode.swift; path = AppDelegate.swift; sourceTree = "<group>"; };
		239D885C1EFCEDE100916C01 /* ViewController.swift */ = {isa = PBXFileReference; lastKnownFileType = sourcecode.swift; path = ViewController.swift; sourceTree = "<group>"; };
		239D885F1EFCEDE100916C01 /* Base */ = {isa = PBXFileReference; lastKnownFileType = file.storyboard; name = Base; path = Base.lproj/Main.storyboard; sourceTree = "<group>"; };
		239D88611EFCEDE100916C01 /* Assets.xcassets */ = {isa = PBXFileReference; lastKnownFileType = folder.assetcatalog; path = Assets.xcassets; sourceTree = "<group>"; };
		239D88641EFCEDE100916C01 /* Base */ = {isa = PBXFileReference; lastKnownFileType = file.storyboard; name = Base; path = Base.lproj/LaunchScreen.storyboard; sourceTree = "<group>"; };
		239D88661EFCEDE100916C01 /* Info.plist */ = {isa = PBXFileReference; lastKnownFileType = text.plist.xml; path = Info.plist; sourceTree = "<group>"; };
		239D886F1EFD0CA700916C01 /* CJLoadingDotView.swift */ = {isa = PBXFileReference; fileEncoding = 4; lastKnownFileType = sourcecode.swift; path = CJLoadingDotView.swift; sourceTree = "<group>"; };
/* End PBXFileReference section */

/* Begin PBXFrameworksBuildPhase section */
		239D88541EFCEDE100916C01 /* Frameworks */ = {
			isa = PBXFrameworksBuildPhase;
			buildActionMask = 2147483647;
			files = (
			);
			runOnlyForDeploymentPostprocessing = 0;
		};
/* End PBXFrameworksBuildPhase section */

/* Begin PBXGroup section */
		239D884E1EFCEDE100916C01 = {
			isa = PBXGroup;
			children = (
				239D88591EFCEDE100916C01 /* CJLoadingDotView */,
				239D88581EFCEDE100916C01 /* Products */,
			);
			sourceTree = "<group>";
		};
		239D88581EFCEDE100916C01 /* Products */ = {
			isa = PBXGroup;
			children = (
				239D88571EFCEDE100916C01 /* CJLoadingDotView.app */,
			);
			name = Products;
			sourceTree = "<group>";
		};
		239D88591EFCEDE100916C01 /* CJLoadingDotView */ = {
			isa = PBXGroup;
			children = (
				239D886E1EFD0CA700916C01 /* Classes */,
				239D885A1EFCEDE100916C01 /* AppDelegate.swift */,
				239D885C1EFCEDE100916C01 /* ViewController.swift */,
				239D885E1EFCEDE100916C01 /* Main.storyboard */,
				239D88611EFCEDE100916C01 /* Assets.xcassets */,
				239D88631EFCEDE100916C01 /* LaunchScreen.storyboard */,
				239D88661EFCEDE100916C01 /* Info.plist */,
			);
			path = CJLoadingDotView;
			sourceTree = "<group>";
		};
		239D886E1EFD0CA700916C01 /* Classes */ = {
			isa = PBXGroup;
			children = (
				239D886F1EFD0CA700916C01 /* CJLoadingDotView.swift */,
			);
			path = Classes;
			sourceTree = "<group>";
		};
/* End PBXGroup section */

/* Begin PBXNativeTarget section */
		239D88561EFCEDE100916C01 /* CJLoadingDotView */ = {
			isa = PBXNativeTarget;
			buildConfigurationList = 239D88691EFCEDE100916C01 /* Build configuration list for PBXNativeTarget "CJLoadingDotView" */;
			buildPhases = (
				239D88531EFCEDE100916C01 /* Sources */,
				239D88541EFCEDE100916C01 /* Frameworks */,
				239D88551EFCEDE100916C01 /* Resources */,
			);
			buildRules = (
			);
			dependencies = (
			);
			name = CJLoadingDotView;
			productName = CJLoadingDotView;
			productReference = 239D88571EFCEDE100916C01 /* CJLoadingDotView.app */;
			productType = "com.apple.product-type.application";
		};
/* End PBXNativeTarget section */

/* Begin PBXProject section */
		239D884F1EFCEDE100916C01 /* Project object */ = {
			isa = PBXProject;
			attributes = {
				LastSwiftUpdateCheck = 0830;
				LastUpgradeCheck = 0830;
				ORGANIZATIONNAME = CJ;
				TargetAttributes = {
					239D88561EFCEDE100916C01 = {
						CreatedOnToolsVersion = 8.3.2;
						DevelopmentTeam = A42U927466;
						ProvisioningStyle = Automatic;
					};
				};
			};
			buildConfigurationList = 239D88521EFCEDE100916C01 /* Build configuration list for PBXProject "CJLoadingDotView" */;
			compatibilityVersion = "Xcode 3.2";
			developmentRegion = English;
			hasScannedForEncodings = 0;
			knownRegions = (
				en,
				Base,
			);
			mainGroup = 239D884E1EFCEDE100916C01;
			productRefGroup = 239D88581EFCEDE100916C01 /* Products */;
			projectDirPath = "";
			projectRoot = "";
			targets = (
				239D88561EFCEDE100916C01 /* CJLoadingDotView */,
			);
		};
/* End PBXProject section */

/* Begin PBXResourcesBuildPhase section */
		239D88551EFCEDE100916C01 /* Resources */ = {
			isa = PBXResourcesBuildPhase;
			buildActionMask = 2147483647;
			files = (
				239D88651EFCEDE100916C01 /* LaunchScreen.storyboard in Resources */,
				239D88621EFCEDE100916C01 /* Assets.xcassets in Resources */,
				239D88601EFCEDE100916C01 /* Main.storyboard in Resources */,
			);
			runOnlyForDeploymentPostprocessing = 0;
		};
/* End PBXResourcesBuildPhase section */

/* Begin PBXSourcesBuildPhase section */
		239D88531EFCEDE100916C01 /* Sources */ = {
			isa = PBXSourcesBuildPhase;
			buildActionMask = 2147483647;
			files = (
				239D885D1EFCEDE100916C01 /* ViewController.swift in Sources */,
				239D88701EFD0CA700916C01 /* CJLoadingDotView.swift in Sources */,
				239D885B1EFCEDE100916C01 /* AppDelegate.swift in Sources */,
			);
			runOnlyForDeploymentPostprocessing = 0;
		};
/* End PBXSourcesBuildPhase section */

/* Begin PBXVariantGroup section */
		239D885E1EFCEDE100916C01 /* Main.storyboard */ = {
			isa = PBXVariantGroup;
			children = (
				239D885F1EFCEDE100916C01 /* Base */,
			);
			name = Main.storyboard;
			sourceTree = "<group>";
		};
		239D88631EFCEDE100916C01 /* LaunchScreen.storyboard */ = {
			isa = PBXVariantGroup;
			children = (
				239D88641EFCEDE100916C01 /* Base */,
			);
			name = LaunchScreen.storyboard;
			sourceTree = "<group>";
		};
/* End PBXVariantGroup section */

/* Begin XCBuildConfiguration section */
		239D88671EFCEDE100916C01 /* Debug */ = {
			isa = XCBuildConfiguration;
			buildSettings = {
				ALWAYS_SEARCH_USER_PATHS = NO;
				CLANG_ANALYZER_NONNULL = YES;
				CLANG_ANALYZER_NUMBER_OBJECT_CONVERSION = YES_AGGRESSIVE;
				CLANG_CXX_LANGUAGE_STANDARD = "gnu++0x";
				CLANG_CXX_LIBRARY = "libc++";
				CLANG_ENABLE_MODULES = YES;
				CLANG_ENABLE_OBJC_ARC = YES;
				CLANG_WARN_BOOL_CONVERSION = YES;
				CLANG_WARN_CONSTANT_CONVERSION = YES;
				CLANG_WARN_DIRECT_OBJC_ISA_USAGE = YES_ERROR;
				CLANG_WARN_DOCUMENTATION_COMMENTS = YES;
				CLANG_WARN_EMPTY_BODY = YES;
				CLANG_WARN_ENUM_CONVERSION = YES;
				CLANG_WARN_INFINITE_RECURSION = YES;
				CLANG_WARN_INT_CONVERSION = YES;
				CLANG_WARN_OBJC_ROOT_CLASS = YES_ERROR;
				CLANG_WARN_SUSPICIOUS_MOVE = YES;
				CLANG_WARN_UNREACHABLE_CODE = YES;
				CLANG_WARN__DUPLICATE_METHOD_MATCH = YES;
				"CODE_SIGN_IDENTITY[sdk=iphoneos*]" = "iPhone Developer";
				COPY_PHASE_STRIP = NO;
				DEBUG_INFORMATION_FORMAT = dwarf;
				ENABLE_STRICT_OBJC_MSGSEND = YES;
				ENABLE_TESTABILITY = YES;
				GCC_C_LANGUAGE_STANDARD = gnu99;
				GCC_DYNAMIC_NO_PIC = NO;
				GCC_NO_COMMON_BLOCKS = YES;
				GCC_OPTIMIZATION_LEVEL = 0;
				GCC_PREPROCESSOR_DEFINITIONS = (
					"DEBUG=1",
					"$(inherited)",
				);
				GCC_WARN_64_TO_32_BIT_CONVERSION = YES;
				GCC_WARN_ABOUT_RETURN_TYPE = YES_ERROR;
				GCC_WARN_UNDECLARED_SELECTOR = YES;
				GCC_WARN_UNINITIALIZED_AUTOS = YES_AGGRESSIVE;
				GCC_WARN_UNUSED_FUNCTION = YES;
				GCC_WARN_UNUSED_VARIABLE = YES;
				IPHONEOS_DEPLOYMENT_TARGET = 10.3;
				MTL_ENABLE_DEBUG_INFO = YES;
				ONLY_ACTIVE_ARCH = YES;
				SDKROOT = iphoneos;
				SWIFT_ACTIVE_COMPILATION_CONDITIONS = DEBUG;
				SWIFT_OPTIMIZATION_LEVEL = "-Onone";
				TARGETED_DEVICE_FAMILY = "1,2";
			};
			name = Debug;
		};
		239D88681EFCEDE100916C01 /* Release */ = {
			isa = XCBuildConfiguration;
			buildSettings = {
				ALWAYS_SEARCH_USER_PATHS = NO;
				CLANG_ANALYZER_NONNULL = YES;
				CLANG_ANALYZER_NUMBER_OBJECT_CONVERSION = YES_AGGRESSIVE;
				CLANG_CXX_LANGUAGE_STANDARD = "gnu++0x";
				CLANG_CXX_LIBRARY = "libc++";
				CLANG_ENABLE_MODULES = YES;
				CLANG_ENABLE_OBJC_ARC = YES;
				CLANG_WARN_BOOL_CONVERSION = YES;
				CLANG_WARN_CONSTANT_CONVERSION = YES;
				CLANG_WARN_DIRECT_OBJC_ISA_USAGE = YES_ERROR;
				CLANG_WARN_DOCUMENTATION_COMMENTS = YES;
				CLANG_WARN_EMPTY_BODY = YES;
				CLANG_WARN_ENUM_CONVERSION = YES;
				CLANG_WARN_INFINITE_RECURSION = YES;
				CLANG_WARN_INT_CONVERSION = YES;
				CLANG_WARN_OBJC_ROOT_CLASS = YES_ERROR;
				CLANG_WARN_SUSPICIOUS_MOVE = YES;
				CLANG_WARN_UNREACHABLE_CODE = YES;
				CLANG_WARN__DUPLICATE_METHOD_MATCH = YES;
				"CODE_SIGN_IDENTITY[sdk=iphoneos*]" = "iPhone Developer";
				COPY_PHASE_STRIP = NO;
				DEBUG_INFORMATION_FORMAT = "dwarf-with-dsym";
				ENABLE_NS_ASSERTIONS = NO;
				ENABLE_STRICT_OBJC_MSGSEND = YES;
				GCC_C_LANGUAGE_STANDARD = gnu99;
				GCC_NO_COMMON_BLOCKS = YES;
				GCC_WARN_64_TO_32_BIT_CONVERSION = YES;
				GCC_WARN_ABOUT_RETURN_TYPE = YES_ERROR;
				GCC_WARN_UNDECLARED_SELECTOR = YES;
				GCC_WARN_UNINITIALIZED_AUTOS = YES_AGGRESSIVE;
				GCC_WARN_UNUSED_FUNCTION = YES;
				GCC_WARN_UNUSED_VARIABLE = YES;
				IPHONEOS_DEPLOYMENT_TARGET = 10.3;
				MTL_ENABLE_DEBUG_INFO = NO;
				SDKROOT = iphoneos;
				SWIFT_OPTIMIZATION_LEVEL = "-Owholemodule";
				TARGETED_DEVICE_FAMILY = "1,2";
				VALIDATE_PRODUCT = YES;
			};
			name = Release;
		};
		239D886A1EFCEDE100916C01 /* Debug */ = {
			isa = XCBuildConfiguration;
			buildSettings = {
				ASSETCATALOG_COMPILER_APPICON_NAME = AppIcon;
				DEVELOPMENT_TEAM = A42U927466;
				INFOPLIST_FILE = CJLoadingDotView/Info.plist;
				LD_RUNPATH_SEARCH_PATHS = "$(inherited) @executable_path/Frameworks";
				PRODUCT_BUNDLE_IDENTIFIER = com.CJ.CJLoadingDotView;
				PRODUCT_NAME = "$(TARGET_NAME)";
				SWIFT_VERSION = 3.0;
			};
			name = Debug;
		};
		239D886B1EFCEDE100916C01 /* Release */ = {
			isa = XCBuildConfiguration;
			buildSettings = {
				ASSETCATALOG_COMPILER_APPICON_NAME = AppIcon;
				DEVELOPMENT_TEAM = A42U927466;
				INFOPLIST_FILE = CJLoadingDotView/Info.plist;
				LD_RUNPATH_SEARCH_PATHS = "$(inherited) @executable_path/Frameworks";
				PRODUCT_BUNDLE_IDENTIFIER = com.CJ.CJLoadingDotView;
				PRODUCT_NAME = "$(TARGET_NAME)";
				SWIFT_VERSION = 3.0;
			};
			name = Release;
		};
/* End XCBuildConfiguration section */

/* Begin XCConfigurationList section */
		239D88521EFCEDE100916C01 /* Build configuration list for PBXProject "CJLoadingDotView" */ = {
			isa = XCConfigurationList;
			buildConfigurations = (
				239D88671EFCEDE100916C01 /* Debug */,
				239D88681EFCEDE100916C01 /* Release */,
			);
			defaultConfigurationIsVisible = 0;
			defaultConfigurationName = Release;
		};
		239D88691EFCEDE100916C01 /* Build configuration list for PBXNativeTarget "CJLoadingDotView" */ = {
			isa = XCConfigurationList;
			buildConfigurations = (
				239D886A1EFCEDE100916C01 /* Debug */,
				239D886B1EFCEDE100916C01 /* Release */,
			);
			defaultConfigurationIsVisible = 0;
		};
/* End XCConfigurationList section */
	};
	rootObject = 239D884F1EFCEDE100916C01 /* Project object */;
}
